
Microsoft Visual Studio Solution File, Format Version 12.00
# Visual Studio 15
VisualStudioVersion = 15.0.27428.2027
MinimumVisualStudioVersion = 10.0.40219.1
Project("{FAE04EC0-301F-11D3-BF4B-00C04F79EFBC}") = "frontEndSimulation", "frontEndSimulation\frontEndSimulation.csproj", "{3806B84A-7167-4B0F-A873-88377BA4D747}"
EndProject
Global
	GlobalSection(SolutionConfigurationPlatforms) = preSolution
		Debug|ARM = Debug|ARM
		Debug|x64 = Debug|x64
		Debug|x86 = Debug|x86
		Release|ARM = Release|ARM
		Release|x64 = Release|x64
		Release|x86 = Release|x86
	EndGlobalSection
	GlobalSection(ProjectConfigurationPlatforms) = postSolution
		{3806B84A-7167-4B0F-A873-88377BA4D747}.Debug|ARM.ActiveCfg = Debug|x86
		{3806B84A-7167-4B0F-A873-88377BA4D747}.Debug|ARM.Build.0 = Debug|x86
		{3806B84A-7167-4B0F-A873-88377BA4D747}.Debug|ARM.Deploy.0 = Debug|x86
		{3806B84A-7167-4B0F-A873-88377BA4D747}.Debug|x64.ActiveCfg = Debug|x64
		{3806B84A-7167-4B0F-A873-88377BA4D747}.Debug|x64.Build.0 = Debug|x64
		{3806B84A-7167-4B0F-A873-88377BA4D747}.Debug|x64.Deploy.0 = Debug|x64
		{3806B84A-7167-4B0F-A873-88377BA4D747}.Debug|x86.ActiveCfg = Debug|x86
		{3806B84A-7167-4B0F-A873-88377BA4D747}.Debug|x86.Build.0 = Debug|x86
		{3806B84A-7167-4B0F-A873-88377BA4D747}.Debug|x86.Deploy.0 = Debug|x86
		{3806B84A-7167-4B0F-A873-88377BA4D747}.Release|ARM.ActiveCfg = Release|ARM
		{3806B84A-7167-4B0F-A873-88377BA4D747}.Release|ARM.Build.0 = Release|ARM
		{3806B84A-7167-4B0F-A873-88377BA4D747}.Release|ARM.Deploy.0 = Release|ARM
		{3806B84A-7167-4B0F-A873-88377BA4D747}.Release|x64.ActiveCfg = Release|x64
		{3806B84A-7167-4B0F-A873-88377BA4D747}.Release|x64.Build.0 = Release|x64
		{3806B84A-7167-4B0F-A873-88377BA4D747}.Release|x64.Deploy.0 = Release|x64
		{3806B84A-7167-4B0F-A873-88377BA4D747}.Release|x86.ActiveCfg = Release|x86
		{3806B84A-7167-4B0F-A873-88377BA4D747}.Release|x86.Build.0 = Release|x86
		{3806B84A-7167-4B0F-A873-88377BA4D747}.Release|x86.Deploy.0 = Release|x86
	EndGlobalSection
	GlobalSection(SolutionProperties) = preSolution
		HideSolutionNode = FALSE
	EndGlobalSection
	GlobalSection(ExtensibilityGlobals) = postSolution
		SolutionGuid = {F2007FCE-E9F6-40B9-B3C6-52EBD2AB9EA8}
	EndGlobalSection
EndGlobal
